{
  "requires": true,
  "lockfileVersion": 1,
  "dependencies": {
    "zzjtest123": {
      "version": "0.0.1",
      "resolved": "https://registry.npmjs.org/zzjtest123/-/zzjtest123-0.0.1.tgz",
      "integrity": "sha512-9elV8ukiaxyERwYv0445qcx2zQXROLsQcex4NNvr8a+/47iGlFEV3Mpa/Rd/L806cL7mgNrMKVtYZuRxbE9R+A=="
    }
  }
}
